
Microsoft Visual Studio Solution File, Format Version 12.00
# Visual Studio Version 17
VisualStudioVersion = 17.11.35222.181
MinimumVisualStudioVersion = 10.0.40219.1
Project("{FAE04EC0-301F-11D3-BF4B-00C04F79EFBC}") = "PracticeLibrary", "PracticeLibrary\PracticeLibrary.csproj", "{FE335C03-E5CF-4336-8706-7E888E84943A}"
EndProject
Global
	GlobalSection(SolutionConfigurationPlatforms) = preSolution
		Debug|Any CPU = Debug|Any CPU
		Release|Any CPU = Release|Any CPU
	EndGlobalSection
	GlobalSection(ProjectConfigurationPlatforms) = postSolution
		{FE335C03-E5CF-4336-8706-7E888E84943A}.Debug|Any CPU.ActiveCfg = Debug|Any CPU
		{FE335C03-E5CF-4336-8706-7E888E84943A}.Debug|Any CPU.Build.0 = Debug|Any CPU
		{FE335C03-E5CF-4336-8706-7E888E84943A}.Release|Any CPU.ActiveCfg = Release|Any CPU
		{FE335C03-E5CF-4336-8706-7E888E84943A}.Release|Any CPU.Build.0 = Release|Any CPU
	EndGlobalSection
	GlobalSection(SolutionProperties) = preSolution
		HideSolutionNode = FALSE
	EndGlobalSection
	GlobalSection(ExtensibilityGlobals) = postSolution
		SolutionGuid = {45B6FCF7-EB8D-4A84-9A8E-AC255F9F71CA}
	EndGlobalSection
EndGlobal
